
Microsoft Visual Studio Solution File, Format Version 12.00
# Visual Studio Version 17
VisualStudioVersion = 17.6.33815.320
MinimumVisualStudioVersion = 10.0.40219.1
Project("{FAE04EC0-301F-11D3-BF4B-00C04F79EFBC}") = "AutoAuction", "AutoAuction\AutoAuction.csproj", "{239A261B-65F9-4F72-BB32-04DDEADD4674}"
EndProject
Global
	GlobalSection(SolutionConfigurationPlatforms) = preSolution
		Debug|Any CPU = Debug|Any CPU
		Release|Any CPU = Release|Any CPU
	EndGlobalSection
	GlobalSection(ProjectConfigurationPlatforms) = postSolution
		{239A261B-65F9-4F72-BB32-04DDEADD4674}.Debug|Any CPU.ActiveCfg = Debug|Any CPU
		{239A261B-65F9-4F72-BB32-04DDEADD4674}.Debug|Any CPU.Build.0 = Debug|Any CPU
		{239A261B-65F9-4F72-BB32-04DDEADD4674}.Release|Any CPU.ActiveCfg = Release|Any CPU
		{239A261B-65F9-4F72-BB32-04DDEADD4674}.Release|Any CPU.Build.0 = Release|Any CPU
	EndGlobalSection
	GlobalSection(SolutionProperties) = preSolution
		HideSolutionNode = FALSE
	EndGlobalSection
	GlobalSection(ExtensibilityGlobals) = postSolution
		SolutionGuid = {FBDAFAF3-CD20-4FF8-B340-3CC418773366}
	EndGlobalSection
EndGlobal
